
Microsoft Visual Studio Solution File, Format Version 12.00
# Visual Studio Version 16
VisualStudioVersion = 16.0.30114.105
MinimumVisualStudioVersion = 10.0.40219.1
Project("{FAE04EC0-301F-11D3-BF4B-00C04F79EFBC}") = "EntityFrameworkWebAPTemplate", "EntityFrameworkWebAPTemplate\EntityFrameworkWebAPTemplate.csproj", "{8A9408B1-4CD4-438B-A32C-9C3033708586}"
EndProject
Global
	GlobalSection(SolutionConfigurationPlatforms) = preSolution
		Debug|Any CPU = Debug|Any CPU
		Release|Any CPU = Release|Any CPU
	EndGlobalSection
	GlobalSection(ProjectConfigurationPlatforms) = postSolution
		{8A9408B1-4CD4-438B-A32C-9C3033708586}.Debug|Any CPU.ActiveCfg = Debug|Any CPU
		{8A9408B1-4CD4-438B-A32C-9C3033708586}.Debug|Any CPU.Build.0 = Debug|Any CPU
		{8A9408B1-4CD4-438B-A32C-9C3033708586}.Release|Any CPU.ActiveCfg = Release|Any CPU
		{8A9408B1-4CD4-438B-A32C-9C3033708586}.Release|Any CPU.Build.0 = Release|Any CPU
	EndGlobalSection
	GlobalSection(SolutionProperties) = preSolution
		HideSolutionNode = FALSE
	EndGlobalSection
	GlobalSection(ExtensibilityGlobals) = postSolution
		SolutionGuid = {A13E86A3-3F24-44D1-A9BB-EBAC35EAB64F}
	EndGlobalSection
EndGlobal
